
Microsoft Visual Studio Solution File, Format Version 12.00
# Visual Studio 15
Project("{FAE04EC0-301F-11D3-BF4B-00C04F79EFBC}") = "Assembly-CSharp", "Assembly-CSharp.csproj", "{94B76983-C12F-CB71-3E69-61193B9D8511}"
EndProject
Project("{FAE04EC0-301F-11D3-BF4B-00C04F79EFBC}") = "Boxophobic.PolyverseSkies.Runtime", "Boxophobic.PolyverseSkies.Runtime.csproj", "{5B00B1EC-2FAC-FED2-C134-8FE3DA71FC18}"
EndProject
Project("{FAE04EC0-301F-11D3-BF4B-00C04F79EFBC}") = "Boxophobic.Utils.Scripts", "Boxophobic.Utils.Scripts.csproj", "{BF19DE13-5892-B60C-BF8E-72C64C726BC9}"
EndProject
Project("{FAE04EC0-301F-11D3-BF4B-00C04F79EFBC}") = "Boxophobic.PolyverseSkies.Scripts", "Boxophobic.PolyverseSkies.Scripts.csproj", "{42AD636E-6AEC-03E1-A0C3-E58DB42C17AB}"
EndProject
Project("{FAE04EC0-301F-11D3-BF4B-00C04F79EFBC}") = "Assembly-CSharp-firstpass", "Assembly-CSharp-firstpass.csproj", "{EA0BB416-307C-5067-E001-5E5C5C4931D5}"
EndProject
Project("{FAE04EC0-301F-11D3-BF4B-00C04F79EFBC}") = "Assembly-CSharp-Editor", "Assembly-CSharp-Editor.csproj", "{6945DF94-DCF1-C4BC-3D2C-6BD2956AE760}"
EndProject
Project("{FAE04EC0-301F-11D3-BF4B-00C04F79EFBC}") = "Boxophobic.Utils.Editor", "Boxophobic.Utils.Editor.csproj", "{F41B1D1D-7BFF-1D09-556C-A61BCB349704}"
EndProject
Project("{FAE04EC0-301F-11D3-BF4B-00C04F79EFBC}") = "Boxophobic.PolyverseSkies.Editor", "Boxophobic.PolyverseSkies.Editor.csproj", "{AB77B956-1DD7-A4FF-68B6-E1E594458588}"
EndProject
Global
	GlobalSection(SolutionConfigurationPlatforms) = preSolution
		Debug|Any CPU = Debug|Any CPU
		Release|Any CPU = Release|Any CPU
	EndGlobalSection
	GlobalSection(ProjectConfigurationPlatforms) = postSolution
		{94B76983-C12F-CB71-3E69-61193B9D8511}.Debug|Any CPU.ActiveCfg = Debug|Any CPU
		{94B76983-C12F-CB71-3E69-61193B9D8511}.Debug|Any CPU.Build.0 = Debug|Any CPU
		{94B76983-C12F-CB71-3E69-61193B9D8511}.Release|Any CPU.ActiveCfg = Release|Any CPU
		{94B76983-C12F-CB71-3E69-61193B9D8511}.Release|Any CPU.Build.0 = Release|Any CPU
		{5B00B1EC-2FAC-FED2-C134-8FE3DA71FC18}.Debug|Any CPU.ActiveCfg = Debug|Any CPU
		{5B00B1EC-2FAC-FED2-C134-8FE3DA71FC18}.Debug|Any CPU.Build.0 = Debug|Any CPU
		{5B00B1EC-2FAC-FED2-C134-8FE3DA71FC18}.Release|Any CPU.ActiveCfg = Release|Any CPU
		{5B00B1EC-2FAC-FED2-C134-8FE3DA71FC18}.Release|Any CPU.Build.0 = Release|Any CPU
		{BF19DE13-5892-B60C-BF8E-72C64C726BC9}.Debug|Any CPU.ActiveCfg = Debug|Any CPU
		{BF19DE13-5892-B60C-BF8E-72C64C726BC9}.Debug|Any CPU.Build.0 = Debug|Any CPU
		{BF19DE13-5892-B60C-BF8E-72C64C726BC9}.Release|Any CPU.ActiveCfg = Release|Any CPU
		{BF19DE13-5892-B60C-BF8E-72C64C726BC9}.Release|Any CPU.Build.0 = Release|Any CPU
		{42AD636E-6AEC-03E1-A0C3-E58DB42C17AB}.Debug|Any CPU.ActiveCfg = Debug|Any CPU
		{42AD636E-6AEC-03E1-A0C3-E58DB42C17AB}.Debug|Any CPU.Build.0 = Debug|Any CPU
		{42AD636E-6AEC-03E1-A0C3-E58DB42C17AB}.Release|Any CPU.ActiveCfg = Release|Any CPU
		{42AD636E-6AEC-03E1-A0C3-E58DB42C17AB}.Release|Any CPU.Build.0 = Release|Any CPU
		{EA0BB416-307C-5067-E001-5E5C5C4931D5}.Debug|Any CPU.ActiveCfg = Debug|Any CPU
		{EA0BB416-307C-5067-E001-5E5C5C4931D5}.Debug|Any CPU.Build.0 = Debug|Any CPU
		{EA0BB416-307C-5067-E001-5E5C5C4931D5}.Release|Any CPU.ActiveCfg = Release|Any CPU
		{EA0BB416-307C-5067-E001-5E5C5C4931D5}.Release|Any CPU.Build.0 = Release|Any CPU
		{6945DF94-DCF1-C4BC-3D2C-6BD2956AE760}.Debug|Any CPU.ActiveCfg = Debug|Any CPU
		{6945DF94-DCF1-C4BC-3D2C-6BD2956AE760}.Debug|Any CPU.Build.0 = Debug|Any CPU
		{6945DF94-DCF1-C4BC-3D2C-6BD2956AE760}.Release|Any CPU.ActiveCfg = Release|Any CPU
		{6945DF94-DCF1-C4BC-3D2C-6BD2956AE760}.Release|Any CPU.Build.0 = Release|Any CPU
		{F41B1D1D-7BFF-1D09-556C-A61BCB349704}.Debug|Any CPU.ActiveCfg = Debug|Any CPU
		{F41B1D1D-7BFF-1D09-556C-A61BCB349704}.Debug|Any CPU.Build.0 = Debug|Any CPU
		{F41B1D1D-7BFF-1D09-556C-A61BCB349704}.Release|Any CPU.ActiveCfg = Release|Any CPU
		{F41B1D1D-7BFF-1D09-556C-A61BCB349704}.Release|Any CPU.Build.0 = Release|Any CPU
		{AB77B956-1DD7-A4FF-68B6-E1E594458588}.Debug|Any CPU.ActiveCfg = Debug|Any CPU
		{AB77B956-1DD7-A4FF-68B6-E1E594458588}.Debug|Any CPU.Build.0 = Debug|Any CPU
		{AB77B956-1DD7-A4FF-68B6-E1E594458588}.Release|Any CPU.ActiveCfg = Release|Any CPU
		{AB77B956-1DD7-A4FF-68B6-E1E594458588}.Release|Any CPU.Build.0 = Release|Any CPU
	EndGlobalSection
	GlobalSection(SolutionProperties) = preSolution
		HideSolutionNode = FALSE
	EndGlobalSection
EndGlobal
